
Microsoft Visual Studio Solution File, Format Version 12.00
# Visual Studio Version 16
VisualStudioVersion = 16.0.31025.194
MinimumVisualStudioVersion = 10.0.40219.1
Project("{FAE04EC0-301F-11D3-BF4B-00C04F79EFBC}") = "Yaml AudioTool Rebuilt", "Yaml AudioTool Rebuilt\Yaml AudioTool Rebuilt.csproj", "{4BA6B02D-29AD-427D-BE19-D3D672F8C144}"
EndProject
Global
	GlobalSection(SolutionConfigurationPlatforms) = preSolution
		Debug|Any CPU = Debug|Any CPU
		Release|Any CPU = Release|Any CPU
	EndGlobalSection
	GlobalSection(ProjectConfigurationPlatforms) = postSolution
		{4BA6B02D-29AD-427D-BE19-D3D672F8C144}.Debug|Any CPU.ActiveCfg = Debug|Any CPU
		{4BA6B02D-29AD-427D-BE19-D3D672F8C144}.Debug|Any CPU.Build.0 = Debug|Any CPU
		{4BA6B02D-29AD-427D-BE19-D3D672F8C144}.Release|Any CPU.ActiveCfg = Release|Any CPU
		{4BA6B02D-29AD-427D-BE19-D3D672F8C144}.Release|Any CPU.Build.0 = Release|Any CPU
	EndGlobalSection
	GlobalSection(SolutionProperties) = preSolution
		HideSolutionNode = FALSE
	EndGlobalSection
	GlobalSection(ExtensibilityGlobals) = postSolution
		SolutionGuid = {60572CB8-41DB-4A4F-BB8E-D4CF20891A46}
	EndGlobalSection
EndGlobal
